
Microsoft Visual Studio Solution File, Format Version 12.00
# Visual Studio Version 17
VisualStudioVersion = 17.11.35222.181
MinimumVisualStudioVersion = 10.0.40219.1
Project("{9A19103F-16F7-4668-BE54-9A1E7A4F7556}") = "TAF_Task", "TAF_Task\TAF_Task.csproj", "{2B5EE523-2008-4E9D-BDED-E10AAF9CA7B9}"
EndProject
Project("{9A19103F-16F7-4668-BE54-9A1E7A4F7556}") = "TAF_API", "..\..\..\TAF_API\TAF_API\TAF_API\TAF_API.csproj", "{104B80C0-C472-4AF2-AB10-BCBC5C296019}"
EndProject
Global
	GlobalSection(SolutionConfigurationPlatforms) = preSolution
		Debug|Any CPU = Debug|Any CPU
		Release|Any CPU = Release|Any CPU
	EndGlobalSection
	GlobalSection(ProjectConfigurationPlatforms) = postSolution
		{2B5EE523-2008-4E9D-BDED-E10AAF9CA7B9}.Debug|Any CPU.ActiveCfg = Debug|Any CPU
		{2B5EE523-2008-4E9D-BDED-E10AAF9CA7B9}.Debug|Any CPU.Build.0 = Debug|Any CPU
		{2B5EE523-2008-4E9D-BDED-E10AAF9CA7B9}.Release|Any CPU.ActiveCfg = Release|Any CPU
		{2B5EE523-2008-4E9D-BDED-E10AAF9CA7B9}.Release|Any CPU.Build.0 = Release|Any CPU
		{104B80C0-C472-4AF2-AB10-BCBC5C296019}.Debug|Any CPU.ActiveCfg = Debug|Any CPU
		{104B80C0-C472-4AF2-AB10-BCBC5C296019}.Debug|Any CPU.Build.0 = Debug|Any CPU
		{104B80C0-C472-4AF2-AB10-BCBC5C296019}.Release|Any CPU.ActiveCfg = Release|Any CPU
		{104B80C0-C472-4AF2-AB10-BCBC5C296019}.Release|Any CPU.Build.0 = Release|Any CPU
	EndGlobalSection
	GlobalSection(SolutionProperties) = preSolution
		HideSolutionNode = FALSE
	EndGlobalSection
	GlobalSection(ExtensibilityGlobals) = postSolution
		SolutionGuid = {8E9C5777-E9B1-4187-8C3E-7B5E83344410}
	EndGlobalSection
EndGlobal
